
Microsoft Visual Studio Solution File, Format Version 12.00
# Visual Studio Version 17
VisualStudioVersion = 17.0.31919.166
MinimumVisualStudioVersion = 10.0.40219.1
Project("{FAE04EC0-301F-11D3-BF4B-00C04F79EFBC}") = "PatternMatching", "Pattern\PatternMatching.csproj", "{4E657A4B-E05D-4CB9-842F-404FB9D027FC}"
EndProject
Global
	GlobalSection(SolutionConfigurationPlatforms) = preSolution
		Debug|Any CPU = Debug|Any CPU
		Release|Any CPU = Release|Any CPU
	EndGlobalSection
	GlobalSection(ProjectConfigurationPlatforms) = postSolution
		{4E657A4B-E05D-4CB9-842F-404FB9D027FC}.Debug|Any CPU.ActiveCfg = Debug|Any CPU
		{4E657A4B-E05D-4CB9-842F-404FB9D027FC}.Debug|Any CPU.Build.0 = Debug|Any CPU
		{4E657A4B-E05D-4CB9-842F-404FB9D027FC}.Release|Any CPU.ActiveCfg = Release|Any CPU
		{4E657A4B-E05D-4CB9-842F-404FB9D027FC}.Release|Any CPU.Build.0 = Release|Any CPU
	EndGlobalSection
	GlobalSection(SolutionProperties) = preSolution
		HideSolutionNode = FALSE
	EndGlobalSection
	GlobalSection(ExtensibilityGlobals) = postSolution
		SolutionGuid = {F6D78FA1-400E-4650-93FD-A8D8ED1F43B0}
	EndGlobalSection
EndGlobal
