
Microsoft Visual Studio Solution File, Format Version 12.00
# Visual Studio Version 17
VisualStudioVersion = 17.0.31903.59
MinimumVisualStudioVersion = 10.0.40219.1
Project("{FAE04EC0-301F-11D3-BF4B-00C04F79EFBC}") = "415", "415\415.csproj", "{589C4D61-72B0-4430-BC33-12D1F70D129B}"
EndProject
Project("{FAE04EC0-301F-11D3-BF4B-00C04F79EFBC}") = "1", "1\1.csproj", "{58F4C719-A7C1-40E3-ACB6-E027FFD4F7ED}"
EndProject
Project("{FAE04EC0-301F-11D3-BF4B-00C04F79EFBC}") = "14", "14\14.csproj", "{F3FA4139-A4CD-4AEA-83E5-13EF63F77EC1}"
EndProject
Project("{FAE04EC0-301F-11D3-BF4B-00C04F79EFBC}") = "290", "290\290.csproj", "{AB258DF4-38C9-4909-AD47-A3B34506CF88}"
EndProject
Global
	GlobalSection(SolutionConfigurationPlatforms) = preSolution
		Debug|Any CPU = Debug|Any CPU
		Release|Any CPU = Release|Any CPU
	EndGlobalSection
	GlobalSection(SolutionProperties) = preSolution
		HideSolutionNode = FALSE
	EndGlobalSection
	GlobalSection(ProjectConfigurationPlatforms) = postSolution
		{589C4D61-72B0-4430-BC33-12D1F70D129B}.Debug|Any CPU.ActiveCfg = Debug|Any CPU
		{589C4D61-72B0-4430-BC33-12D1F70D129B}.Debug|Any CPU.Build.0 = Debug|Any CPU
		{589C4D61-72B0-4430-BC33-12D1F70D129B}.Release|Any CPU.ActiveCfg = Release|Any CPU
		{589C4D61-72B0-4430-BC33-12D1F70D129B}.Release|Any CPU.Build.0 = Release|Any CPU
		{58F4C719-A7C1-40E3-ACB6-E027FFD4F7ED}.Debug|Any CPU.ActiveCfg = Debug|Any CPU
		{58F4C719-A7C1-40E3-ACB6-E027FFD4F7ED}.Debug|Any CPU.Build.0 = Debug|Any CPU
		{58F4C719-A7C1-40E3-ACB6-E027FFD4F7ED}.Release|Any CPU.ActiveCfg = Release|Any CPU
		{58F4C719-A7C1-40E3-ACB6-E027FFD4F7ED}.Release|Any CPU.Build.0 = Release|Any CPU
		{F3FA4139-A4CD-4AEA-83E5-13EF63F77EC1}.Debug|Any CPU.ActiveCfg = Debug|Any CPU
		{F3FA4139-A4CD-4AEA-83E5-13EF63F77EC1}.Debug|Any CPU.Build.0 = Debug|Any CPU
		{F3FA4139-A4CD-4AEA-83E5-13EF63F77EC1}.Release|Any CPU.ActiveCfg = Release|Any CPU
		{F3FA4139-A4CD-4AEA-83E5-13EF63F77EC1}.Release|Any CPU.Build.0 = Release|Any CPU
		{AB258DF4-38C9-4909-AD47-A3B34506CF88}.Debug|Any CPU.ActiveCfg = Debug|Any CPU
		{AB258DF4-38C9-4909-AD47-A3B34506CF88}.Debug|Any CPU.Build.0 = Debug|Any CPU
		{AB258DF4-38C9-4909-AD47-A3B34506CF88}.Release|Any CPU.ActiveCfg = Release|Any CPU
		{AB258DF4-38C9-4909-AD47-A3B34506CF88}.Release|Any CPU.Build.0 = Release|Any CPU
	EndGlobalSection
EndGlobal
